
Microsoft Visual Studio Solution File, Format Version 12.00
# Visual Studio Version 16
VisualStudioVersion = 16.0.32002.261
MinimumVisualStudioVersion = 10.0.40219.1
Project("{8BC9CEB8-8B4A-11D0-8D11-00A0C91BC942}") = "单链表的分解", "单链表的分解.vcxproj", "{A000FC66-6DFD-43B8-87C8-1D5098320846}"
EndProject
Global
	GlobalSection(SolutionConfigurationPlatforms) = preSolution
		Debug|x64 = Debug|x64
		Debug|x86 = Debug|x86
		Release|x64 = Release|x64
		Release|x86 = Release|x86
	EndGlobalSection
	GlobalSection(ProjectConfigurationPlatforms) = postSolution
		{A000FC66-6DFD-43B8-87C8-1D5098320846}.Debug|x64.ActiveCfg = Debug|x64
		{A000FC66-6DFD-43B8-87C8-1D5098320846}.Debug|x64.Build.0 = Debug|x64
		{A000FC66-6DFD-43B8-87C8-1D5098320846}.Debug|x86.ActiveCfg = Debug|Win32
		{A000FC66-6DFD-43B8-87C8-1D5098320846}.Debug|x86.Build.0 = Debug|Win32
		{A000FC66-6DFD-43B8-87C8-1D5098320846}.Release|x64.ActiveCfg = Release|x64
		{A000FC66-6DFD-43B8-87C8-1D5098320846}.Release|x64.Build.0 = Release|x64
		{A000FC66-6DFD-43B8-87C8-1D5098320846}.Release|x86.ActiveCfg = Release|Win32
		{A000FC66-6DFD-43B8-87C8-1D5098320846}.Release|x86.Build.0 = Release|Win32
	EndGlobalSection
	GlobalSection(SolutionProperties) = preSolution
		HideSolutionNode = FALSE
	EndGlobalSection
	GlobalSection(ExtensibilityGlobals) = postSolution
		SolutionGuid = {B66A4BA1-EBEB-4500-8A44-27F302D0DAB8}
	EndGlobalSection
EndGlobal
